// !$*UTF8*$!
{
	archiveVersion = 1;
	classes = {
	};
	objectVersion = 46;
	objects = {

/* Begin PBXBuildFile section */
		E7A232FB1DC382840040C0B9 /* CUESDK.framework in Frameworks */ = {isa = PBXBuildFile; fileRef = E7A232FA1DC382840040C0B9 /* CUESDK.framework */; };
		E7A232FC1DC3828F0040C0B9 /* CUESDK.framework in CopyFiles */ = {isa = PBXBuildFile; fileRef = E7A232FA1DC382840040C0B9 /* CUESDK.framework */; };
		E7A233031DC399A60040C0B9 /* text_highlight.cpp in Sources */ = {isa = PBXBuildFile; fileRef = E7A233021DC399A60040C0B9 /* text_highlight.cpp */; };
/* End PBXBuildFile section */

/* Begin PBXCopyFilesBuildPhase section */
		E7A232ED1DC382780040C0B9 /* CopyFiles */ = {
			isa = PBXCopyFilesBuildPhase;
			buildActionMask = 12;
			dstPath = "";
			dstSubfolderSpec = 16;
			files = (
				E7A232FC1DC3828F0040C0B9 /* CUESDK.framework in CopyFiles */,
			);
			runOnlyForDeploymentPostprocessing = 0;
		};
/* End PBXCopyFilesBuildPhase section */

/* Begin PBXFileReference section */
		E7A232EF1DC382780040C0B9 /* text_highlight */ = {isa = PBXFileReference; explicitFileType = "compiled.mach-o.executable"; includeInIndex = 0; path = text_highlight; sourceTree = BUILT_PRODUCTS_DIR; };
		E7A232FA1DC382840040C0B9 /* CUESDK.framework */ = {isa = PBXFileReference; lastKnownFileType = wrapper.framework; name = CUESDK.framework; path = ../../CUESDK.framework; sourceTree = "<group>"; };
		E7A233021DC399A60040C0B9 /* text_highlight.cpp */ = {isa = PBXFileReference; fileEncoding = 4; lastKnownFileType = sourcecode.cpp.cpp; path = text_highlight.cpp; sourceTree = "<group>"; };
/* End PBXFileReference section */

/* Begin PBXFrameworksBuildPhase section */
		E7A232EC1DC382780040C0B9 /* Frameworks */ = {
			isa = PBXFrameworksBuildPhase;
			buildActionMask = 2147483647;
			files = (
				E7A232FB1DC382840040C0B9 /* CUESDK.framework in Frameworks */,
			);
			runOnlyForDeploymentPostprocessing = 0;
		};
/* End PBXFrameworksBuildPhase section */

/* Begin PBXGroup section */
		E7A232E61DC382780040C0B9 = {
			isa = PBXGroup;
			children = (
				E7A232F11DC382780040C0B9 /* text_highlight */,
				E7A232F01DC382780040C0B9 /* Products */,
				E7A232F91DC382840040C0B9 /* Frameworks */,
			);
			sourceTree = "<group>";
		};
		E7A232F01DC382780040C0B9 /* Products */ = {
			isa = PBXGroup;
			children = (
				E7A232EF1DC382780040C0B9 /* text_highlight */,
			);
			name = Products;
			sourceTree = "<group>";
		};
		E7A232F11DC382780040C0B9 /* text_highlight */ = {
			isa = PBXGroup;
			children = (
				E7A233021DC399A60040C0B9 /* text_highlight.cpp */,
			);
			path = text_highlight;
			sourceTree = "<group>";
		};
		E7A232F91DC382840040C0B9 /* Frameworks */ = {
			isa = PBXGroup;
			children = (
				E7A232FA1DC382840040C0B9 /* CUESDK.framework */,
			);
			name = Frameworks;
			sourceTree = "<group>";
		};
/* End PBXGroup section */

/* Begin PBXNativeTarget section */
		E7A232EE1DC382780040C0B9 /* text_highlight */ = {
			isa = PBXNativeTarget;
			buildConfigurationList = E7A232F61DC382780040C0B9 /* Build configuration list for PBXNativeTarget "text_highlight" */;
			buildPhases = (
				E7A232EB1DC382780040C0B9 /* Sources */,
				E7A232EC1DC382780040C0B9 /* Frameworks */,
				E7A232ED1DC382780040C0B9 /* CopyFiles */,
			);
			buildRules = (
			);
			dependencies = (
			);
			name = text_highlight;
			productName = text_highlight;
			productReference = E7A232EF1DC382780040C0B9 /* text_highlight */;
			productType = "com.apple.product-type.tool";
		};
/* End PBXNativeTarget section */

/* Begin PBXProject section */
		E7A232E71DC382780040C0B9 /* Project object */ = {
			isa = PBXProject;
			attributes = {
				LastUpgradeCheck = 0800;
				ORGANIZATIONNAME = "Corsair Memory, Inc.";
				TargetAttributes = {
					E7A232EE1DC382780040C0B9 = {
						CreatedOnToolsVersion = 8.0;
						ProvisioningStyle = Automatic;
					};
				};
			};
			buildConfigurationList = E7A232EA1DC382780040C0B9 /* Build configuration list for PBXProject "text_highlight" */;
			compatibilityVersion = "Xcode 3.2";
			developmentRegion = English;
			hasScannedForEncodings = 0;
			knownRegions = (
				en,
			);
			mainGroup = E7A232E61DC382780040C0B9;
			productRefGroup = E7A232F01DC382780040C0B9 /* Products */;
			projectDirPath = "";
			projectRoot = "";
			targets = (
				E7A232EE1DC382780040C0B9 /* text_highlight */,
			);
		};
/* End PBXProject section */

/* Begin PBXSourcesBuildPhase section */
		E7A232EB1DC382780040C0B9 /* Sources */ = {
			isa = PBXSourcesBuildPhase;
			buildActionMask = 2147483647;
			files = (
				E7A233031DC399A60040C0B9 /* text_highlight.cpp in Sources */,
			);
			runOnlyForDeploymentPostprocessing = 0;
		};
/* End PBXSourcesBuildPhase section */

/* Begin XCBuildConfiguration section */
		E7A232F41DC382780040C0B9 /* Debug */ = {
			isa = XCBuildConfiguration;
			buildSettings = {
				ALWAYS_SEARCH_USER_PATHS = YES;
				CLANG_ANALYZER_NONNULL = YES;
				CLANG_CXX_LANGUAGE_STANDARD = "gnu++0x";
				CLANG_CXX_LIBRARY = "libc++";
				CLANG_ENABLE_MODULES = YES;
				CLANG_ENABLE_OBJC_ARC = YES;
				CLANG_WARN_BOOL_CONVERSION = YES;
				CLANG_WARN_CONSTANT_CONVERSION = YES;
				CLANG_WARN_DIRECT_OBJC_ISA_USAGE = YES_ERROR;
				CLANG_WARN_DOCUMENTATION_COMMENTS = YES;
				CLANG_WARN_EMPTY_BODY = YES;
				CLANG_WARN_ENUM_CONVERSION = YES;
				CLANG_WARN_INFINITE_RECURSION = YES;
				CLANG_WARN_INT_CONVERSION = YES;
				CLANG_WARN_OBJC_ROOT_CLASS = YES_ERROR;
				CLANG_WARN_SUSPICIOUS_MOVES = YES;
				CLANG_WARN_UNREACHABLE_CODE = YES;
				CLANG_WARN__DUPLICATE_METHOD_MATCH = YES;
				CODE_SIGN_IDENTITY = "-";
				COPY_PHASE_STRIP = NO;
				DEBUG_INFORMATION_FORMAT = dwarf;
				ENABLE_STRICT_OBJC_MSGSEND = YES;
				ENABLE_TESTABILITY = YES;
				FRAMEWORK_SEARCH_PATHS = "${PROJECT_DIR}/../..";
				GCC_C_LANGUAGE_STANDARD = gnu99;
				GCC_DYNAMIC_NO_PIC = NO;
				GCC_NO_COMMON_BLOCKS = YES;
				GCC_OPTIMIZATION_LEVEL = 0;
				GCC_PREPROCESSOR_DEFINITIONS = (
					"DEBUG=1",
					"$(inherited)",
				);
				GCC_WARN_64_TO_32_BIT_CONVERSION = YES;
				GCC_WARN_ABOUT_RETURN_TYPE = YES_ERROR;
				GCC_WARN_UNDECLARED_SELECTOR = YES;
				GCC_WARN_UNINITIALIZED_AUTOS = YES_AGGRESSIVE;
				GCC_WARN_UNUSED_FUNCTION = YES;
				GCC_WARN_UNUSED_VARIABLE = YES;
				LD_RUNPATH_SEARCH_PATHS = "@executable_path";
				MACOSX_DEPLOYMENT_TARGET = 10.11;
				MTL_ENABLE_DEBUG_INFO = YES;
				ONLY_ACTIVE_ARCH = YES;
				SDKROOT = macosx;
			};
			name = Debug;
		};
		E7A232F51DC382780040C0B9 /* Release */ = {
			isa = XCBuildConfiguration;
			buildSettings = {
				ALWAYS_SEARCH_USER_PATHS = YES;
				CLANG_ANALYZER_NONNULL = YES;
				CLANG_CXX_LANGUAGE_STANDARD = "gnu++0x";
				CLANG_CXX_LIBRARY = "libc++";
				CLANG_ENABLE_MODULES = YES;
				CLANG_ENABLE_OBJC_ARC = YES;
				CLANG_WARN_BOOL_CONVERSION = YES;
				CLANG_WARN_CONSTANT_CONVERSION = YES;
				CLANG_WARN_DIRECT_OBJC_ISA_USAGE = YES_ERROR;
				CLANG_WARN_DOCUMENTATION_COMMENTS = YES;
				CLANG_WARN_EMPTY_BODY = YES;
				CLANG_WARN_ENUM_CONVERSION = YES;
				CLANG_WARN_INFINITE_RECURSION = YES;
				CLANG_WARN_INT_CONVERSION = YES;
				CLANG_WARN_OBJC_ROOT_CLASS = YES_ERROR;
				CLANG_WARN_SUSPICIOUS_MOVES = YES;
				CLANG_WARN_UNREACHABLE_CODE = YES;
				CLANG_WARN__DUPLICATE_METHOD_MATCH = YES;
				CODE_SIGN_IDENTITY = "-";
				COPY_PHASE_STRIP = NO;
				DEBUG_INFORMATION_FORMAT = "dwarf-with-dsym";
				ENABLE_NS_ASSERTIONS = NO;
				ENABLE_STRICT_OBJC_MSGSEND = YES;
				FRAMEWORK_SEARCH_PATHS = "${PROJECT_DIR}/../..";
				GCC_C_LANGUAGE_STANDARD = gnu99;
				GCC_NO_COMMON_BLOCKS = YES;
				GCC_WARN_64_TO_32_BIT_CONVERSION = YES;
				GCC_WARN_ABOUT_RETURN_TYPE = YES_ERROR;
				GCC_WARN_UNDECLARED_SELECTOR = YES;
				GCC_WARN_UNINITIALIZED_AUTOS = YES_AGGRESSIVE;
				GCC_WARN_UNUSED_FUNCTION = YES;
				GCC_WARN_UNUSED_VARIABLE = YES;
				LD_RUNPATH_SEARCH_PATHS = "@executable_path";
				MACOSX_DEPLOYMENT_TARGET = 10.11;
				MTL_ENABLE_DEBUG_INFO = NO;
				SDKROOT = macosx;
			};
			name = Release;
		};
		E7A232F71DC382780040C0B9 /* Debug */ = {
			isa = XCBuildConfiguration;
			buildSettings = {
				MACOSX_DEPLOYMENT_TARGET = 10.11;
				PRODUCT_NAME = "$(TARGET_NAME)";
			};
			name = Debug;
		};
		E7A232F81DC382780040C0B9 /* Release */ = {
			isa = XCBuildConfiguration;
			buildSettings = {
				MACOSX_DEPLOYMENT_TARGET = 10.11;
				PRODUCT_NAME = "$(TARGET_NAME)";
			};
			name = Release;
		};
/* End XCBuildConfiguration section */

/* Begin XCConfigurationList section */
		E7A232EA1DC382780040C0B9 /* Build configuration list for PBXProject "text_highlight" */ = {
			isa = XCConfigurationList;
			buildConfigurations = (
				E7A232F41DC382780040C0B9 /* Debug */,
				E7A232F51DC382780040C0B9 /* Release */,
			);
			defaultConfigurationIsVisible = 0;
			defaultConfigurationName = Release;
		};
		E7A232F61DC382780040C0B9 /* Build configuration list for PBXNativeTarget "text_highlight" */ = {
			isa = XCConfigurationList;
			buildConfigurations = (
				E7A232F71DC382780040C0B9 /* Debug */,
				E7A232F81DC382780040C0B9 /* Release */,
			);
			defaultConfigurationIsVisible = 0;
			defaultConfigurationName = Release;
		};
/* End XCConfigurationList section */
	};
	rootObject = E7A232E71DC382780040C0B9 /* Project object */;
}
